// !$*UTF8*$!
{
	archiveVersion = 1;
	classes = {
	};
	objectVersion = 46;
	objects = {

/* Begin PBXBuildFile section */
		7F301C4C1E3A026800AB8D5A /* main.m in Sources */ = {isa = PBXBuildFile; fileRef = 7F301C4B1E3A026800AB8D5A /* main.m */; };
		7F301C4F1E3A026800AB8D5A /* AppDelegate.m in Sources */ = {isa = PBXBuildFile; fileRef = 7F301C4E1E3A026800AB8D5A /* AppDelegate.m */; };
		7F301C521E3A026800AB8D5A /* ViewController.m in Sources */ = {isa = PBXBuildFile; fileRef = 7F301C511E3A026800AB8D5A /* ViewController.m */; };
		7F301C551E3A026800AB8D5A /* Main.storyboard in Resources */ = {isa = PBXBuildFile; fileRef = 7F301C531E3A026800AB8D5A /* Main.storyboard */; };
		7F301C571E3A026800AB8D5A /* Assets.xcassets in Resources */ = {isa = PBXBuildFile; fileRef = 7F301C561E3A026800AB8D5A /* Assets.xcassets */; };
		7F301C5A1E3A026800AB8D5A /* LaunchScreen.storyboard in Resources */ = {isa = PBXBuildFile; fileRef = 7F301C581E3A026800AB8D5A /* LaunchScreen.storyboard */; };
/* End PBXBuildFile section */

/* Begin PBXFileReference section */
		7F301C471E3A026800AB8D5A /* CalculatorTask.app */ = {isa = PBXFileReference; explicitFileType = wrapper.application; includeInIndex = 0; path = CalculatorTask.app; sourceTree = BUILT_PRODUCTS_DIR; };
		7F301C4B1E3A026800AB8D5A /* main.m */ = {isa = PBXFileReference; lastKnownFileType = sourcecode.c.objc; path = main.m; sourceTree = "<group>"; };
		7F301C4D1E3A026800AB8D5A /* AppDelegate.h */ = {isa = PBXFileReference; lastKnownFileType = sourcecode.c.h; path = AppDelegate.h; sourceTree = "<group>"; };
		7F301C4E1E3A026800AB8D5A /* AppDelegate.m */ = {isa = PBXFileReference; lastKnownFileType = sourcecode.c.objc; path = AppDelegate.m; sourceTree = "<group>"; };
		7F301C501E3A026800AB8D5A /* ViewController.h */ = {isa = PBXFileReference; lastKnownFileType = sourcecode.c.h; path = ViewController.h; sourceTree = "<group>"; };
		7F301C511E3A026800AB8D5A /* ViewController.m */ = {isa = PBXFileReference; lastKnownFileType = sourcecode.c.objc; path = ViewController.m; sourceTree = "<group>"; };
		7F301C541E3A026800AB8D5A /* Base */ = {isa = PBXFileReference; lastKnownFileType = file.storyboard; name = Base; path = Base.lproj/Main.storyboard; sourceTree = "<group>"; };
		7F301C561E3A026800AB8D5A /* Assets.xcassets */ = {isa = PBXFileReference; lastKnownFileType = folder.assetcatalog; path = Assets.xcassets; sourceTree = "<group>"; };
		7F301C591E3A026800AB8D5A /* Base */ = {isa = PBXFileReference; lastKnownFileType = file.storyboard; name = Base; path = Base.lproj/LaunchScreen.storyboard; sourceTree = "<group>"; };
		7F301C5B1E3A026800AB8D5A /* Info.plist */ = {isa = PBXFileReference; lastKnownFileType = text.plist.xml; path = Info.plist; sourceTree = "<group>"; };
/* End PBXFileReference section */

/* Begin PBXFrameworksBuildPhase section */
		7F301C441E3A026800AB8D5A /* Frameworks */ = {
			isa = PBXFrameworksBuildPhase;
			buildActionMask = 2147483647;
			files = (
			);
			runOnlyForDeploymentPostprocessing = 0;
		};
/* End PBXFrameworksBuildPhase section */

/* Begin PBXGroup section */
		7F301C3E1E3A026700AB8D5A = {
			isa = PBXGroup;
			children = (
				7F301C491E3A026800AB8D5A /* CalculatorTask */,
				7F301C481E3A026800AB8D5A /* Products */,
			);
			sourceTree = "<group>";
		};
		7F301C481E3A026800AB8D5A /* Products */ = {
			isa = PBXGroup;
			children = (
				7F301C471E3A026800AB8D5A /* CalculatorTask.app */,
			);
			name = Products;
			sourceTree = "<group>";
		};
		7F301C491E3A026800AB8D5A /* CalculatorTask */ = {
			isa = PBXGroup;
			children = (
				7F301C4D1E3A026800AB8D5A /* AppDelegate.h */,
				7F301C4E1E3A026800AB8D5A /* AppDelegate.m */,
				7F301C501E3A026800AB8D5A /* ViewController.h */,
				7F301C511E3A026800AB8D5A /* ViewController.m */,
				7F301C531E3A026800AB8D5A /* Main.storyboard */,
				7F301C561E3A026800AB8D5A /* Assets.xcassets */,
				7F301C581E3A026800AB8D5A /* LaunchScreen.storyboard */,
				7F301C5B1E3A026800AB8D5A /* Info.plist */,
				7F301C4A1E3A026800AB8D5A /* Supporting Files */,
			);
			path = CalculatorTask;
			sourceTree = "<group>";
		};
		7F301C4A1E3A026800AB8D5A /* Supporting Files */ = {
			isa = PBXGroup;
			children = (
				7F301C4B1E3A026800AB8D5A /* main.m */,
			);
			name = "Supporting Files";
			sourceTree = "<group>";
		};
/* End PBXGroup section */

/* Begin PBXNativeTarget section */
		7F301C461E3A026800AB8D5A /* CalculatorTask */ = {
			isa = PBXNativeTarget;
			buildConfigurationList = 7F301C5E1E3A026800AB8D5A /* Build configuration list for PBXNativeTarget "CalculatorTask" */;
			buildPhases = (
				7F301C431E3A026800AB8D5A /* Sources */,
				7F301C441E3A026800AB8D5A /* Frameworks */,
				7F301C451E3A026800AB8D5A /* Resources */,
			);
			buildRules = (
			);
			dependencies = (
			);
			name = CalculatorTask;
			productName = CalculatorTask;
			productReference = 7F301C471E3A026800AB8D5A /* CalculatorTask.app */;
			productType = "com.apple.product-type.application";
		};
/* End PBXNativeTarget section */

/* Begin PBXProject section */
		7F301C3F1E3A026800AB8D5A /* Project object */ = {
			isa = PBXProject;
			attributes = {
				LastUpgradeCheck = 0820;
				ORGANIZATIONNAME = "Egor Yanukovich";
				TargetAttributes = {
					7F301C461E3A026800AB8D5A = {
						CreatedOnToolsVersion = 8.2.1;
						ProvisioningStyle = Automatic;
					};
				};
			};
			buildConfigurationList = 7F301C421E3A026800AB8D5A /* Build configuration list for PBXProject "CalculatorTask" */;
			compatibilityVersion = "Xcode 3.2";
			developmentRegion = English;
			hasScannedForEncodings = 0;
			knownRegions = (
				en,
				Base,
			);
			mainGroup = 7F301C3E1E3A026700AB8D5A;
			productRefGroup = 7F301C481E3A026800AB8D5A /* Products */;
			projectDirPath = "";
			projectRoot = "";
			targets = (
				7F301C461E3A026800AB8D5A /* CalculatorTask */,
			);
		};
/* End PBXProject section */

/* Begin PBXResourcesBuildPhase section */
		7F301C451E3A026800AB8D5A /* Resources */ = {
			isa = PBXResourcesBuildPhase;
			buildActionMask = 2147483647;
			files = (
				7F301C5A1E3A026800AB8D5A /* LaunchScreen.storyboard in Resources */,
				7F301C571E3A026800AB8D5A /* Assets.xcassets in Resources */,
				7F301C551E3A026800AB8D5A /* Main.storyboard in Resources */,
			);
			runOnlyForDeploymentPostprocessing = 0;
		};
/* End PBXResourcesBuildPhase section */

/* Begin PBXSourcesBuildPhase section */
		7F301C431E3A026800AB8D5A /* Sources */ = {
			isa = PBXSourcesBuildPhase;
			buildActionMask = 2147483647;
			files = (
				7F301C521E3A026800AB8D5A /* ViewController.m in Sources */,
				7F301C4F1E3A026800AB8D5A /* AppDelegate.m in Sources */,
				7F301C4C1E3A026800AB8D5A /* main.m in Sources */,
			);
			runOnlyForDeploymentPostprocessing = 0;
		};
/* End PBXSourcesBuildPhase section */

/* Begin PBXVariantGroup section */
		7F301C531E3A026800AB8D5A /* Main.storyboard */ = {
			isa = PBXVariantGroup;
			children = (
				7F301C541E3A026800AB8D5A /* Base */,
			);
			name = Main.storyboard;
			sourceTree = "<group>";
		};
		7F301C581E3A026800AB8D5A /* LaunchScreen.storyboard */ = {
			isa = PBXVariantGroup;
			children = (
				7F301C591E3A026800AB8D5A /* Base */,
			);
			name = LaunchScreen.storyboard;
			sourceTree = "<group>";
		};
/* End PBXVariantGroup section */

/* Begin XCBuildConfiguration section */
		7F301C5C1E3A026800AB8D5A /* Debug */ = {
			isa = XCBuildConfiguration;
			buildSettings = {
				ALWAYS_SEARCH_USER_PATHS = NO;
				CLANG_ANALYZER_NONNULL = YES;
				CLANG_CXX_LANGUAGE_STANDARD = "gnu++0x";
				CLANG_CXX_LIBRARY = "libc++";
				CLANG_ENABLE_MODULES = YES;
				CLANG_ENABLE_OBJC_ARC = YES;
				CLANG_WARN_BOOL_CONVERSION = YES;
				CLANG_WARN_CONSTANT_CONVERSION = YES;
				CLANG_WARN_DIRECT_OBJC_ISA_USAGE = YES_ERROR;
				CLANG_WARN_DOCUMENTATION_COMMENTS = YES;
				CLANG_WARN_EMPTY_BODY = YES;
				CLANG_WARN_ENUM_CONVERSION = YES;
				CLANG_WARN_INFINITE_RECURSION = YES;
				CLANG_WARN_INT_CONVERSION = YES;
				CLANG_WARN_OBJC_ROOT_CLASS = YES_ERROR;
				CLANG_WARN_SUSPICIOUS_MOVE = YES;
				CLANG_WARN_UNREACHABLE_CODE = YES;
				CLANG_WARN__DUPLICATE_METHOD_MATCH = YES;
				"CODE_SIGN_IDENTITY[sdk=iphoneos*]" = "iPhone Developer";
				COPY_PHASE_STRIP = NO;
				DEBUG_INFORMATION_FORMAT = dwarf;
				ENABLE_STRICT_OBJC_MSGSEND = YES;
				ENABLE_TESTABILITY = YES;
				GCC_C_LANGUAGE_STANDARD = gnu99;
				GCC_DYNAMIC_NO_PIC = NO;
				GCC_NO_COMMON_BLOCKS = YES;
				GCC_OPTIMIZATION_LEVEL = 0;
				GCC_PREPROCESSOR_DEFINITIONS = (
					"DEBUG=1",
					"$(inherited)",
				);
				GCC_WARN_64_TO_32_BIT_CONVERSION = YES;
				GCC_WARN_ABOUT_RETURN_TYPE = YES_ERROR;
				GCC_WARN_UNDECLARED_SELECTOR = YES;
				GCC_WARN_UNINITIALIZED_AUTOS = YES_AGGRESSIVE;
				GCC_WARN_UNUSED_FUNCTION = YES;
				GCC_WARN_UNUSED_VARIABLE = YES;
				IPHONEOS_DEPLOYMENT_TARGET = 10.2;
				MTL_ENABLE_DEBUG_INFO = YES;
				ONLY_ACTIVE_ARCH = YES;
				SDKROOT = iphoneos;
			};
			name = Debug;
		};
		7F301C5D1E3A026800AB8D5A /* Release */ = {
			isa = XCBuildConfiguration;
			buildSettings = {
				ALWAYS_SEARCH_USER_PATHS = NO;
				CLANG_ANALYZER_NONNULL = YES;
				CLANG_CXX_LANGUAGE_STANDARD = "gnu++0x";
				CLANG_CXX_LIBRARY = "libc++";
				CLANG_ENABLE_MODULES = YES;
				CLANG_ENABLE_OBJC_ARC = YES;
				CLANG_WARN_BOOL_CONVERSION = YES;
				CLANG_WARN_CONSTANT_CONVERSION = YES;
				CLANG_WARN_DIRECT_OBJC_ISA_USAGE = YES_ERROR;
				CLANG_WARN_DOCUMENTATION_COMMENTS = YES;
				CLANG_WARN_EMPTY_BODY = YES;
				CLANG_WARN_ENUM_CONVERSION = YES;
				CLANG_WARN_INFINITE_RECURSION = YES;
				CLANG_WARN_INT_CONVERSION = YES;
				CLANG_WARN_OBJC_ROOT_CLASS = YES_ERROR;
				CLANG_WARN_SUSPICIOUS_MOVE = YES;
				CLANG_WARN_UNREACHABLE_CODE = YES;
				CLANG_WARN__DUPLICATE_METHOD_MATCH = YES;
				"CODE_SIGN_IDENTITY[sdk=iphoneos*]" = "iPhone Developer";
				COPY_PHASE_STRIP = NO;
				DEBUG_INFORMATION_FORMAT = "dwarf-with-dsym";
				ENABLE_NS_ASSERTIONS = NO;
				ENABLE_STRICT_OBJC_MSGSEND = YES;
				GCC_C_LANGUAGE_STANDARD = gnu99;
				GCC_NO_COMMON_BLOCKS = YES;
				GCC_WARN_64_TO_32_BIT_CONVERSION = YES;
				GCC_WARN_ABOUT_RETURN_TYPE = YES_ERROR;
				GCC_WARN_UNDECLARED_SELECTOR = YES;
				GCC_WARN_UNINITIALIZED_AUTOS = YES_AGGRESSIVE;
				GCC_WARN_UNUSED_FUNCTION = YES;
				GCC_WARN_UNUSED_VARIABLE = YES;
				IPHONEOS_DEPLOYMENT_TARGET = 10.2;
				MTL_ENABLE_DEBUG_INFO = NO;
				SDKROOT = iphoneos;
				VALIDATE_PRODUCT = YES;
			};
			name = Release;
		};
		7F301C5F1E3A026800AB8D5A /* Debug */ = {
			isa = XCBuildConfiguration;
			buildSettings = {
				ASSETCATALOG_COMPILER_APPICON_NAME = AppIcon;
				INFOPLIST_FILE = CalculatorTask/Info.plist;
				LD_RUNPATH_SEARCH_PATHS = "$(inherited) @executable_path/Frameworks";
				PRODUCT_BUNDLE_IDENTIFIER = com.CalculatorTask;
				PRODUCT_NAME = "$(TARGET_NAME)";
			};
			name = Debug;
		};
		7F301C601E3A026800AB8D5A /* Release */ = {
			isa = XCBuildConfiguration;
			buildSettings = {
				ASSETCATALOG_COMPILER_APPICON_NAME = AppIcon;
				INFOPLIST_FILE = CalculatorTask/Info.plist;
				LD_RUNPATH_SEARCH_PATHS = "$(inherited) @executable_path/Frameworks";
				PRODUCT_BUNDLE_IDENTIFIER = com.CalculatorTask;
				PRODUCT_NAME = "$(TARGET_NAME)";
			};
			name = Release;
		};
/* End XCBuildConfiguration section */

/* Begin XCConfigurationList section */
		7F301C421E3A026800AB8D5A /* Build configuration list for PBXProject "CalculatorTask" */ = {
			isa = XCConfigurationList;
			buildConfigurations = (
				7F301C5C1E3A026800AB8D5A /* Debug */,
				7F301C5D1E3A026800AB8D5A /* Release */,
			);
			defaultConfigurationIsVisible = 0;
			defaultConfigurationName = Release;
		};
		7F301C5E1E3A026800AB8D5A /* Build configuration list for PBXNativeTarget "CalculatorTask" */ = {
			isa = XCConfigurationList;
			buildConfigurations = (
				7F301C5F1E3A026800AB8D5A /* Debug */,
				7F301C601E3A026800AB8D5A /* Release */,
			);
			defaultConfigurationIsVisible = 0;
		};
/* End XCConfigurationList section */
	};
	rootObject = 7F301C3F1E3A026800AB8D5A /* Project object */;
}
